
Microsoft Visual Studio Solution File, Format Version 12.00
# Visual Studio Version 17
VisualStudioVersion = 17.9.34728.123
MinimumVisualStudioVersion = 10.0.40219.1
Project("{FAE04EC0-301F-11D3-BF4B-00C04F79EFBC}") = "Assignment 5.1.2", "Assignment 5.1.2.csproj", "{7A0C80C6-E40D-4F96-B3CD-042D7BFF4F2B}"
EndProject
Global
	GlobalSection(SolutionConfigurationPlatforms) = preSolution
		Debug|Any CPU = Debug|Any CPU
		Release|Any CPU = Release|Any CPU
	EndGlobalSection
	GlobalSection(ProjectConfigurationPlatforms) = postSolution
		{7A0C80C6-E40D-4F96-B3CD-042D7BFF4F2B}.Debug|Any CPU.ActiveCfg = Debug|Any CPU
		{7A0C80C6-E40D-4F96-B3CD-042D7BFF4F2B}.Debug|Any CPU.Build.0 = Debug|Any CPU
		{7A0C80C6-E40D-4F96-B3CD-042D7BFF4F2B}.Release|Any CPU.ActiveCfg = Release|Any CPU
		{7A0C80C6-E40D-4F96-B3CD-042D7BFF4F2B}.Release|Any CPU.Build.0 = Release|Any CPU
	EndGlobalSection
	GlobalSection(SolutionProperties) = preSolution
		HideSolutionNode = FALSE
	EndGlobalSection
	GlobalSection(ExtensibilityGlobals) = postSolution
		SolutionGuid = {8754664C-90C7-4BE9-8E50-652536E5FC38}
	EndGlobalSection
EndGlobal
